
Microsoft Visual Studio Solution File, Format Version 12.00
# Visual Studio Version 17
VisualStudioVersion = 17.8.34330.188
MinimumVisualStudioVersion = 10.0.40219.1
Project("{9A19103F-16F7-4668-BE54-9A1E7A4F7556}") = "assignment1", "assignment1\assignment1.csproj", "{09884625-5538-4F4E-9959-DA3088C9974D}"
EndProject
Project("{9A19103F-16F7-4668-BE54-9A1E7A4F7556}") = "MyTools", "MyTools\MyTools.csproj", "{5764CB10-7C95-4C04-A993-90C396D2207A}"
EndProject
Project("{9A19103F-16F7-4668-BE54-9A1E7A4F7556}") = "assignment2", "assignment2\assignment2.csproj", "{0A95A01F-B080-4BDF-BE89-42C6BE523822}"
	ProjectSection(ProjectDependencies) = postProject
		{400A6F05-7279-4370-8370-0C6CEF871AC9} = {400A6F05-7279-4370-8370-0C6CEF871AC9}
	EndProjectSection
EndProject
Project("{FAE04EC0-301F-11D3-BF4B-00C04F79EFBC}") = "CandyCrushLogic", "CandyCrushLogic\CandyCrushLogic.csproj", "{400A6F05-7279-4370-8370-0C6CEF871AC9}"
EndProject
Project("{FAE04EC0-301F-11D3-BF4B-00C04F79EFBC}") = "assignment3", "assignment3\assignment3.csproj", "{CF4D9E6B-CC36-460A-91A0-452C797B1A26}"
EndProject
Project("{FAE04EC0-301F-11D3-BF4B-00C04F79EFBC}") = "assignment4", "assignment4\assignment4.csproj", "{6148E8E6-2ABE-4E7E-A359-F504F03CB5CA}"
EndProject
Global
	GlobalSection(SolutionConfigurationPlatforms) = preSolution
		Debug|Any CPU = Debug|Any CPU
		Release|Any CPU = Release|Any CPU
	EndGlobalSection
	GlobalSection(ProjectConfigurationPlatforms) = postSolution
		{09884625-5538-4F4E-9959-DA3088C9974D}.Debug|Any CPU.ActiveCfg = Debug|Any CPU
		{09884625-5538-4F4E-9959-DA3088C9974D}.Debug|Any CPU.Build.0 = Debug|Any CPU
		{09884625-5538-4F4E-9959-DA3088C9974D}.Release|Any CPU.ActiveCfg = Release|Any CPU
		{09884625-5538-4F4E-9959-DA3088C9974D}.Release|Any CPU.Build.0 = Release|Any CPU
		{5764CB10-7C95-4C04-A993-90C396D2207A}.Debug|Any CPU.ActiveCfg = Debug|Any CPU
		{5764CB10-7C95-4C04-A993-90C396D2207A}.Debug|Any CPU.Build.0 = Debug|Any CPU
		{5764CB10-7C95-4C04-A993-90C396D2207A}.Release|Any CPU.ActiveCfg = Release|Any CPU
		{5764CB10-7C95-4C04-A993-90C396D2207A}.Release|Any CPU.Build.0 = Release|Any CPU
		{0A95A01F-B080-4BDF-BE89-42C6BE523822}.Debug|Any CPU.ActiveCfg = Debug|Any CPU
		{0A95A01F-B080-4BDF-BE89-42C6BE523822}.Debug|Any CPU.Build.0 = Debug|Any CPU
		{0A95A01F-B080-4BDF-BE89-42C6BE523822}.Release|Any CPU.ActiveCfg = Release|Any CPU
		{0A95A01F-B080-4BDF-BE89-42C6BE523822}.Release|Any CPU.Build.0 = Release|Any CPU
		{400A6F05-7279-4370-8370-0C6CEF871AC9}.Debug|Any CPU.ActiveCfg = Debug|Any CPU
		{400A6F05-7279-4370-8370-0C6CEF871AC9}.Debug|Any CPU.Build.0 = Debug|Any CPU
		{400A6F05-7279-4370-8370-0C6CEF871AC9}.Release|Any CPU.ActiveCfg = Release|Any CPU
		{400A6F05-7279-4370-8370-0C6CEF871AC9}.Release|Any CPU.Build.0 = Release|Any CPU
		{CF4D9E6B-CC36-460A-91A0-452C797B1A26}.Debug|Any CPU.ActiveCfg = Debug|Any CPU
		{CF4D9E6B-CC36-460A-91A0-452C797B1A26}.Debug|Any CPU.Build.0 = Debug|Any CPU
		{CF4D9E6B-CC36-460A-91A0-452C797B1A26}.Release|Any CPU.ActiveCfg = Release|Any CPU
		{CF4D9E6B-CC36-460A-91A0-452C797B1A26}.Release|Any CPU.Build.0 = Release|Any CPU
		{6148E8E6-2ABE-4E7E-A359-F504F03CB5CA}.Debug|Any CPU.ActiveCfg = Debug|Any CPU
		{6148E8E6-2ABE-4E7E-A359-F504F03CB5CA}.Debug|Any CPU.Build.0 = Debug|Any CPU
		{6148E8E6-2ABE-4E7E-A359-F504F03CB5CA}.Release|Any CPU.ActiveCfg = Release|Any CPU
		{6148E8E6-2ABE-4E7E-A359-F504F03CB5CA}.Release|Any CPU.Build.0 = Release|Any CPU
	EndGlobalSection
	GlobalSection(SolutionProperties) = preSolution
		HideSolutionNode = FALSE
	EndGlobalSection
	GlobalSection(ExtensibilityGlobals) = postSolution
		SolutionGuid = {E5AFCB1B-4BD0-43D1-8394-7BA3A1B849BA}
	EndGlobalSection
EndGlobal
