
Microsoft Visual Studio Solution File, Format Version 12.00
# Visual Studio Version 17
VisualStudioVersion = 17.8.34330.188
MinimumVisualStudioVersion = 10.0.40219.1
Project("{FAE04EC0-301F-11D3-BF4B-00C04F79EFBC}") = "assignment1", "assignment1\assignment1.csproj", "{D4A77609-3F43-4C51-92A5-EABCC3C77B68}"
EndProject
Project("{FAE04EC0-301F-11D3-BF4B-00C04F79EFBC}") = "assignment2", "assignment2\assignment2.csproj", "{2892CA1A-938D-4EF5-8B87-C3F9B61443D4}"
EndProject
Project("{FAE04EC0-301F-11D3-BF4B-00C04F79EFBC}") = "assignment3", "assignment3\assignment3.csproj", "{6982577F-C03C-4C8F-A3BC-FAD3A8F9E318}"
EndProject
Global
	GlobalSection(SolutionConfigurationPlatforms) = preSolution
		Debug|Any CPU = Debug|Any CPU
		Release|Any CPU = Release|Any CPU
	EndGlobalSection
	GlobalSection(ProjectConfigurationPlatforms) = postSolution
		{D4A77609-3F43-4C51-92A5-EABCC3C77B68}.Debug|Any CPU.ActiveCfg = Debug|Any CPU
		{D4A77609-3F43-4C51-92A5-EABCC3C77B68}.Debug|Any CPU.Build.0 = Debug|Any CPU
		{D4A77609-3F43-4C51-92A5-EABCC3C77B68}.Release|Any CPU.ActiveCfg = Release|Any CPU
		{D4A77609-3F43-4C51-92A5-EABCC3C77B68}.Release|Any CPU.Build.0 = Release|Any CPU
		{2892CA1A-938D-4EF5-8B87-C3F9B61443D4}.Debug|Any CPU.ActiveCfg = Debug|Any CPU
		{2892CA1A-938D-4EF5-8B87-C3F9B61443D4}.Debug|Any CPU.Build.0 = Debug|Any CPU
		{2892CA1A-938D-4EF5-8B87-C3F9B61443D4}.Release|Any CPU.ActiveCfg = Release|Any CPU
		{2892CA1A-938D-4EF5-8B87-C3F9B61443D4}.Release|Any CPU.Build.0 = Release|Any CPU
		{6982577F-C03C-4C8F-A3BC-FAD3A8F9E318}.Debug|Any CPU.ActiveCfg = Debug|Any CPU
		{6982577F-C03C-4C8F-A3BC-FAD3A8F9E318}.Debug|Any CPU.Build.0 = Debug|Any CPU
		{6982577F-C03C-4C8F-A3BC-FAD3A8F9E318}.Release|Any CPU.ActiveCfg = Release|Any CPU
		{6982577F-C03C-4C8F-A3BC-FAD3A8F9E318}.Release|Any CPU.Build.0 = Release|Any CPU
	EndGlobalSection
	GlobalSection(SolutionProperties) = preSolution
		HideSolutionNode = FALSE
	EndGlobalSection
	GlobalSection(ExtensibilityGlobals) = postSolution
		SolutionGuid = {E9FD991D-1860-41DB-B36D-61D042586081}
	EndGlobalSection
EndGlobal
